lockVersion: 2.0.0
id: 154397e9-2e00-4826-8b46-96a990263c5a
management:
  docChecksum: a7cbf1dca5a5bc12acae532536f34db9
  docVersion: 1.0.0
  speakeasyVersion: 1.295.2
  generationVersion: 2.335.5
  releaseVersion: 0.0.4
  configChecksum: af7e071615268b8c2b9592974387c491
features:
  typescript:
    additionalDependencies: 0.1.0
    constsAndDefaults: 0.1.5
    core: 3.9.6
    flattening: 2.81.1
    globalSecurity: 2.82.9
    globalSecurityCallbacks: 0.1.0
    globalSecurityFlattening: 0.1.0
    globalServerURLs: 2.82.4
    responseFormat: 0.2.3
    sdkHooks: 0.1.0
    serverEvents: 0.1.4
    unions: 2.85.5
generatedFiles:
  - src/sdk/books.ts
  - src/sdk/orders.ts
  - src/sdk/sdk.ts
  - .eslintrc.js
  - .npmignore
  - RUNTIMES.md
  - jsr.json
  - package.json
  - src/index.ts
  - src/lib/base64.ts
  - src/lib/config.ts
  - src/lib/encodings.ts
  - src/lib/event-streams.ts
  - src/lib/http.ts
  - src/lib/primitives.ts
  - src/lib/retries.ts
  - src/lib/schemas.ts
  - src/lib/sdks.ts
  - src/lib/security.ts
  - src/lib/url.ts
  - src/sdk/index.ts
  - src/models/errors/sdkerror.ts
  - src/models/errors/sdkvalidationerror.ts
  - src/types/blobs.ts
  - src/types/enums.ts
  - src/types/index.ts
  - src/types/operations.ts
  - src/types/rfcdate.ts
  - tsconfig.json
  - src/models/operations/getallbooks.ts
  - src/models/operations/addbook.ts
  - src/models/operations/getbookbyid.ts
  - src/models/operations/updatebookcoverbyid.ts
  - src/models/operations/getallorders.ts
  - src/models/operations/createorder.ts
  - src/models/operations/getorderbyid.ts
  - src/models/operations/getorderstream.ts
  - src/models/components/programmingbook.ts
  - src/models/components/author.ts
  - src/models/components/fantasybook.ts
  - src/models/components/scifibook.ts
  - src/models/components/httpmetadata.ts
  - src/models/components/order.ts
  - src/models/components/user.ts
  - src/models/components/neworder.ts
  - src/models/components/orderstreammessage.ts
  - src/models/components/security.ts
  - src/models/errors/index.ts
  - src/models/operations/index.ts
  - src/models/components/index.ts
  - docs/models/operations/responsebody.md
  - docs/models/operations/getallbooksresponse.md
  - docs/models/operations/addbookrequestbody.md
  - docs/models/operations/addbookresponsebody.md
  - docs/models/operations/addbookresponse.md
  - docs/models/operations/getbookbyidrequest.md
  - docs/models/operations/getbookbyidresponsebody.md
  - docs/models/operations/getbookbyidresponse.md
  - docs/models/operations/cover.md
  - docs/models/operations/updatebookcoverbyidrequestbody.md
  - docs/models/operations/updatebookcoverbyidrequest.md
  - docs/models/operations/updatebookcoverbyidresponse.md
  - docs/models/operations/getallordersresponse.md
  - docs/models/operations/createorderresponse.md
  - docs/models/operations/getorderbyidrequest.md
  - docs/models/operations/getorderbyidresponse.md
  - docs/models/operations/getorderstreamresponse.md
  - docs/models/components/programmingbook.md
  - docs/models/components/authorwithid.md
  - docs/models/components/authorwithname.md
  - docs/models/components/author.md
  - docs/models/components/fantasybook.md
  - docs/models/components/scifibook.md
  - docs/models/components/httpmetadata.md
  - docs/models/components/status.md
  - docs/models/components/products.md
  - docs/models/components/order.md
  - docs/models/components/user.md
  - docs/models/components/neworder.md
  - docs/models/components/orderstreammessage.md
  - docs/models/components/security.md
  - docs/sdks/techbooks/README.md
  - docs/sdks/books/README.md
  - docs/sdks/orders/README.md
  - USAGE.md
  - .gitattributes
  - src/hooks/hooks.ts
  - src/hooks/types.ts
  - src/hooks/index.ts
